
Microsoft Visual Studio Solution File, Format Version 12.00
# Visual Studio Version 17
VisualStudioVersion = 17.2.32630.192
MinimumVisualStudioVersion = 10.0.40219.1
Project("{9A19103F-16F7-4668-BE54-9A1E7A4F7556}") = "API-34494847", "34494847-API\API-34494847.csproj", "{3DA97897-3209-4031-85EF-1E956900179B}"
EndProject
Global
	GlobalSection(SolutionConfigurationPlatforms) = preSolution
		Debug|Any CPU = Debug|Any CPU
		Release|Any CPU = Release|Any CPU
	EndGlobalSection
	GlobalSection(ProjectConfigurationPlatforms) = postSolution
		{3DA97897-3209-4031-85EF-1E956900179B}.Debug|Any CPU.ActiveCfg = Debug|Any CPU
		{3DA97897-3209-4031-85EF-1E956900179B}.Debug|Any CPU.Build.0 = Debug|Any CPU
		{3DA97897-3209-4031-85EF-1E956900179B}.Release|Any CPU.ActiveCfg = Release|Any CPU
		{3DA97897-3209-4031-85EF-1E956900179B}.Release|Any CPU.Build.0 = Release|Any CPU
	EndGlobalSection
	GlobalSection(SolutionProperties) = preSolution
		HideSolutionNode = FALSE
	EndGlobalSection
	GlobalSection(ExtensibilityGlobals) = postSolution
		SolutionGuid = {C65C1045-E9C2-41F6-B80E-C1EE92C506F1}
	EndGlobalSection
EndGlobal
